
Microsoft Visual Studio Solution File, Format Version 12.00
# Visual Studio Version 16
VisualStudioVersion = 16.0.31424.327
MinimumVisualStudioVersion = 10.0.40219.1
Project("{9A19103F-16F7-4668-BE54-9A1E7A4F7556}") = "wEBcMD", "wEBcMD\wEBcMD.csproj", "{E227E42F-0C4E-4E33-990B-8CDF14CABAD6}"
EndProject
Project("{9A19103F-16F7-4668-BE54-9A1E7A4F7556}") = "wEBcMDTests", "wEBcMDTests\wEBcMDTests.csproj", "{20D41EC4-1FEE-4437-8897-2A7BA9036A8F}"
EndProject
Project("{2150E333-8FDC-42A3-9474-1A3956D46DE8}") = "Solution Items", "Solution Items", "{D2D94591-7BD6-4BA5-88F8-FE4681C3D616}"
EndProject
Project("{2150E333-8FDC-42A3-9474-1A3956D46DE8}") = "NewFolder1", "NewFolder1", "{72345778-9386-4CD5-AC60-B7BA964D7C75}"
EndProject
Global
	GlobalSection(SolutionConfigurationPlatforms) = preSolution
		Debug|Any CPU = Debug|Any CPU
		Release|Any CPU = Release|Any CPU
	EndGlobalSection
	GlobalSection(ProjectConfigurationPlatforms) = postSolution
		{E227E42F-0C4E-4E33-990B-8CDF14CABAD6}.Debug|Any CPU.ActiveCfg = Debug|Any CPU
		{E227E42F-0C4E-4E33-990B-8CDF14CABAD6}.Debug|Any CPU.Build.0 = Debug|Any CPU
		{E227E42F-0C4E-4E33-990B-8CDF14CABAD6}.Release|Any CPU.ActiveCfg = Release|Any CPU
		{E227E42F-0C4E-4E33-990B-8CDF14CABAD6}.Release|Any CPU.Build.0 = Release|Any CPU
		{20D41EC4-1FEE-4437-8897-2A7BA9036A8F}.Debug|Any CPU.ActiveCfg = Debug|Any CPU
		{20D41EC4-1FEE-4437-8897-2A7BA9036A8F}.Debug|Any CPU.Build.0 = Debug|Any CPU
		{20D41EC4-1FEE-4437-8897-2A7BA9036A8F}.Release|Any CPU.ActiveCfg = Release|Any CPU
		{20D41EC4-1FEE-4437-8897-2A7BA9036A8F}.Release|Any CPU.Build.0 = Release|Any CPU
	EndGlobalSection
	GlobalSection(SolutionProperties) = preSolution
		HideSolutionNode = FALSE
	EndGlobalSection
	GlobalSection(NestedProjects) = preSolution
		{72345778-9386-4CD5-AC60-B7BA964D7C75} = {D2D94591-7BD6-4BA5-88F8-FE4681C3D616}
	EndGlobalSection
	GlobalSection(ExtensibilityGlobals) = postSolution
		SolutionGuid = {7E2702B6-45B5-4249-A992-B0AA813213E6}
	EndGlobalSection
EndGlobal
